
Microsoft Visual Studio Solution File, Format Version 12.00
# Visual Studio 15
VisualStudioVersion = 15.0.28307.779
MinimumVisualStudioVersion = 10.0.40219.1
Project("{FAE04EC0-301F-11D3-BF4B-00C04F79EFBC}") = "TECres", "TECres\TECres.csproj", "{78566F28-472B-4CDB-B2CC-CABFAA733240}"
EndProject
Project("{FAE04EC0-301F-11D3-BF4B-00C04F79EFBC}") = "DB_TECres", "DB_TECres\DB_TECres.csproj", "{7DBF81E6-696E-4228-95FC-D1F93EA659C7}"
EndProject
Global
	GlobalSection(SolutionConfigurationPlatforms) = preSolution
		Debug|Any CPU = Debug|Any CPU
		Release|Any CPU = Release|Any CPU
	EndGlobalSection
	GlobalSection(ProjectConfigurationPlatforms) = postSolution
		{78566F28-472B-4CDB-B2CC-CABFAA733240}.Debug|Any CPU.ActiveCfg = Debug|Any CPU
		{78566F28-472B-4CDB-B2CC-CABFAA733240}.Debug|Any CPU.Build.0 = Debug|Any CPU
		{78566F28-472B-4CDB-B2CC-CABFAA733240}.Release|Any CPU.ActiveCfg = Release|Any CPU
		{78566F28-472B-4CDB-B2CC-CABFAA733240}.Release|Any CPU.Build.0 = Release|Any CPU
		{7DBF81E6-696E-4228-95FC-D1F93EA659C7}.Debug|Any CPU.ActiveCfg = Debug|Any CPU
		{7DBF81E6-696E-4228-95FC-D1F93EA659C7}.Debug|Any CPU.Build.0 = Debug|Any CPU
		{7DBF81E6-696E-4228-95FC-D1F93EA659C7}.Release|Any CPU.ActiveCfg = Release|Any CPU
		{7DBF81E6-696E-4228-95FC-D1F93EA659C7}.Release|Any CPU.Build.0 = Release|Any CPU
	EndGlobalSection
	GlobalSection(SolutionProperties) = preSolution
		HideSolutionNode = FALSE
	EndGlobalSection
	GlobalSection(ExtensibilityGlobals) = postSolution
		SolutionGuid = {16B3FE6E-396A-4522-8B8D-BB3155888ECD}
	EndGlobalSection
EndGlobal
